
Microsoft Visual Studio Solution File, Format Version 12.00
# Visual Studio Version 16
VisualStudioVersion = 16.0.30804.86
MinimumVisualStudioVersion = 10.0.40219.1
Project("{9A19103F-16F7-4668-BE54-9A1E7A4F7556}") = "B21_Ex01_1", "B21_Ex01_1\B21_Ex01_1.csproj", "{0C25A7E9-0A61-4A84-A41E-745127358988}"
EndProject
Project("{9A19103F-16F7-4668-BE54-9A1E7A4F7556}") = "B21_Ex01_2", "B21_Ex01_2\B21_Ex01_2.csproj", "{BEDED128-EFA3-4021-94DE-9CDFD255979C}"
EndProject
Project("{FAE04EC0-301F-11D3-BF4B-00C04F79EFBC}") = "B21_Ex01_3", "B21_Ex01_3\B21_Ex01_3.csproj", "{CD16ACD9-5DC0-488A-970A-8266D81ECEF6}"
EndProject
Global
	GlobalSection(SolutionConfigurationPlatforms) = preSolution
		Debug|Any CPU = Debug|Any CPU
		Release|Any CPU = Release|Any CPU
	EndGlobalSection
	GlobalSection(ProjectConfigurationPlatforms) = postSolution
		{0C25A7E9-0A61-4A84-A41E-745127358988}.Debug|Any CPU.ActiveCfg = Debug|Any CPU
		{0C25A7E9-0A61-4A84-A41E-745127358988}.Debug|Any CPU.Build.0 = Debug|Any CPU
		{0C25A7E9-0A61-4A84-A41E-745127358988}.Release|Any CPU.ActiveCfg = Release|Any CPU
		{0C25A7E9-0A61-4A84-A41E-745127358988}.Release|Any CPU.Build.0 = Release|Any CPU
		{BEDED128-EFA3-4021-94DE-9CDFD255979C}.Debug|Any CPU.ActiveCfg = Debug|Any CPU
		{BEDED128-EFA3-4021-94DE-9CDFD255979C}.Debug|Any CPU.Build.0 = Debug|Any CPU
		{BEDED128-EFA3-4021-94DE-9CDFD255979C}.Release|Any CPU.ActiveCfg = Release|Any CPU
		{BEDED128-EFA3-4021-94DE-9CDFD255979C}.Release|Any CPU.Build.0 = Release|Any CPU
		{CD16ACD9-5DC0-488A-970A-8266D81ECEF6}.Debug|Any CPU.ActiveCfg = Debug|Any CPU
		{CD16ACD9-5DC0-488A-970A-8266D81ECEF6}.Debug|Any CPU.Build.0 = Debug|Any CPU
		{CD16ACD9-5DC0-488A-970A-8266D81ECEF6}.Release|Any CPU.ActiveCfg = Release|Any CPU
		{CD16ACD9-5DC0-488A-970A-8266D81ECEF6}.Release|Any CPU.Build.0 = Release|Any CPU
	EndGlobalSection
	GlobalSection(SolutionProperties) = preSolution
		HideSolutionNode = FALSE
	EndGlobalSection
	GlobalSection(ExtensibilityGlobals) = postSolution
		SolutionGuid = {B829D65B-BA70-4C2F-B5C5-ECC26E90E0A4}
	EndGlobalSection
EndGlobal
